
Microsoft Visual Studio Solution File, Format Version 12.00
# Visual Studio Version 17
VisualStudioVersion = 17.3.32804.467
MinimumVisualStudioVersion = 10.0.40219.1
Project("{2150E333-8FDC-42A3-9474-1A3956D46DE8}") = "Services", "Services", "{F3BA74E8-154D-4AFF-B026-EC971AB1CB75}"
EndProject
Project("{2150E333-8FDC-42A3-9474-1A3956D46DE8}") = "WebApps", "WebApps", "{70C80EAE-B1E1-438C-AE57-AD54016D9868}"
EndProject
Project("{2150E333-8FDC-42A3-9474-1A3956D46DE8}") = "Cadastros", "Cadastros", "{B9329331-2C79-4064-9447-3CF684C3745D}"
EndProject
Project("{2150E333-8FDC-42A3-9474-1A3956D46DE8}") = "Catalogo", "Catalogo", "{4529231F-6C23-4F05-8B5E-69494D19746A}"
EndProject
Project("{2150E333-8FDC-42A3-9474-1A3956D46DE8}") = "Core", "Core", "{2169CD0D-6C1C-4425-BD5B-4CFD1AAE8440}"
EndProject
Project("{2150E333-8FDC-42A3-9474-1A3956D46DE8}") = "Fiscal", "Fiscal", "{9AE4C5BE-B1FC-4E05-AC14-800B9BD552C0}"
EndProject
Project("{2150E333-8FDC-42A3-9474-1A3956D46DE8}") = "Pagamentos", "Pagamentos", "{46FA53FC-3D89-4FAC-93EC-ACECD911B0BF}"
EndProject
Project("{2150E333-8FDC-42A3-9474-1A3956D46DE8}") = "Vendas", "Vendas", "{689D2257-9632-4003-ADB1-5CA045F77D12}"
EndProject
Project("{9A19103F-16F7-4668-BE54-9A1E7A4F7556}") = "NerdStore.Catalogo.Domain", "src\NerdStore.Catalogo.Domain\NerdStore.Catalogo.Domain.csproj", "{0E6F67DC-C5FF-4A41-986D-0B7C053AA492}"
EndProject
Project("{9A19103F-16F7-4668-BE54-9A1E7A4F7556}") = "NerdStore.Core", "src\NerdStore.Core\NerdStore.Core.csproj", "{00815565-9CEE-4D0D-AE20-D5DE00C0F5EB}"
EndProject
Project("{2150E333-8FDC-42A3-9474-1A3956D46DE8}") = "Tests", "Tests", "{61CCA1E4-8E69-4E9A-967D-027CF21D0752}"
EndProject
Project("{9A19103F-16F7-4668-BE54-9A1E7A4F7556}") = "NerdStore.Catalogo.Domain.Tests", "tests\NerdStore.Catalogo.Domain.Tests\NerdStore.Catalogo.Domain.Tests.csproj", "{853F090F-55F7-4718-A27B-4A89B46D8AFE}"
EndProject
Project("{9A19103F-16F7-4668-BE54-9A1E7A4F7556}") = "NerdStore.Catalogo.Data", "src\NerdStore.Catalogo.Data\NerdStore.Catalogo.Data.csproj", "{9844448C-FD19-410E-A311-0487F0637DCD}"
EndProject
Project("{9A19103F-16F7-4668-BE54-9A1E7A4F7556}") = "NerdStore.Catalogo.Application", "src\NerdStore.Catalogo.Application\NerdStore.Catalogo.Application.csproj", "{39705663-C91C-47BE-9FBE-4F20278AAD8C}"
EndProject
Project("{9A19103F-16F7-4668-BE54-9A1E7A4F7556}") = "NerdStore.WebApp.MVC", "src\NerdStore.WebApp.MVC\NerdStore.WebApp.MVC.csproj", "{478AD3AE-5FCF-4E3E-A2E0-58AAD3026452}"
EndProject
Project("{FAE04EC0-301F-11D3-BF4B-00C04F79EFBC}") = "NerdStore.Vendas.Domain", "src\NerdStore.Vendas.Domain\NerdStore.Vendas.Domain.csproj", "{740CA4A8-2B46-41E6-947D-D1E03FBBB93B}"
EndProject
Global
	GlobalSection(SolutionConfigurationPlatforms) = preSolution
		Debug|Any CPU = Debug|Any CPU
		Release|Any CPU = Release|Any CPU
	EndGlobalSection
	GlobalSection(ProjectConfigurationPlatforms) = postSolution
		{0E6F67DC-C5FF-4A41-986D-0B7C053AA492}.Debug|Any CPU.ActiveCfg = Debug|Any CPU
		{0E6F67DC-C5FF-4A41-986D-0B7C053AA492}.Debug|Any CPU.Build.0 = Debug|Any CPU
		{0E6F67DC-C5FF-4A41-986D-0B7C053AA492}.Release|Any CPU.ActiveCfg = Release|Any CPU
		{0E6F67DC-C5FF-4A41-986D-0B7C053AA492}.Release|Any CPU.Build.0 = Release|Any CPU
		{00815565-9CEE-4D0D-AE20-D5DE00C0F5EB}.Debug|Any CPU.ActiveCfg = Debug|Any CPU
		{00815565-9CEE-4D0D-AE20-D5DE00C0F5EB}.Debug|Any CPU.Build.0 = Debug|Any CPU
		{00815565-9CEE-4D0D-AE20-D5DE00C0F5EB}.Release|Any CPU.ActiveCfg = Release|Any CPU
		{00815565-9CEE-4D0D-AE20-D5DE00C0F5EB}.Release|Any CPU.Build.0 = Release|Any CPU
		{853F090F-55F7-4718-A27B-4A89B46D8AFE}.Debug|Any CPU.ActiveCfg = Debug|Any CPU
		{853F090F-55F7-4718-A27B-4A89B46D8AFE}.Debug|Any CPU.Build.0 = Debug|Any CPU
		{853F090F-55F7-4718-A27B-4A89B46D8AFE}.Release|Any CPU.ActiveCfg = Release|Any CPU
		{853F090F-55F7-4718-A27B-4A89B46D8AFE}.Release|Any CPU.Build.0 = Release|Any CPU
		{9844448C-FD19-410E-A311-0487F0637DCD}.Debug|Any CPU.ActiveCfg = Debug|Any CPU
		{9844448C-FD19-410E-A311-0487F0637DCD}.Debug|Any CPU.Build.0 = Debug|Any CPU
		{9844448C-FD19-410E-A311-0487F0637DCD}.Release|Any CPU.ActiveCfg = Release|Any CPU
		{9844448C-FD19-410E-A311-0487F0637DCD}.Release|Any CPU.Build.0 = Release|Any CPU
		{39705663-C91C-47BE-9FBE-4F20278AAD8C}.Debug|Any CPU.ActiveCfg = Debug|Any CPU
		{39705663-C91C-47BE-9FBE-4F20278AAD8C}.Debug|Any CPU.Build.0 = Debug|Any CPU
		{39705663-C91C-47BE-9FBE-4F20278AAD8C}.Release|Any CPU.ActiveCfg = Release|Any CPU
		{39705663-C91C-47BE-9FBE-4F20278AAD8C}.Release|Any CPU.Build.0 = Release|Any CPU
		{478AD3AE-5FCF-4E3E-A2E0-58AAD3026452}.Debug|Any CPU.ActiveCfg = Debug|Any CPU
		{478AD3AE-5FCF-4E3E-A2E0-58AAD3026452}.Debug|Any CPU.Build.0 = Debug|Any CPU
		{478AD3AE-5FCF-4E3E-A2E0-58AAD3026452}.Release|Any CPU.ActiveCfg = Release|Any CPU
		{478AD3AE-5FCF-4E3E-A2E0-58AAD3026452}.Release|Any CPU.Build.0 = Release|Any CPU
		{740CA4A8-2B46-41E6-947D-D1E03FBBB93B}.Debug|Any CPU.ActiveCfg = Debug|Any CPU
		{740CA4A8-2B46-41E6-947D-D1E03FBBB93B}.Debug|Any CPU.Build.0 = Debug|Any CPU
		{740CA4A8-2B46-41E6-947D-D1E03FBBB93B}.Release|Any CPU.ActiveCfg = Release|Any CPU
		{740CA4A8-2B46-41E6-947D-D1E03FBBB93B}.Release|Any CPU.Build.0 = Release|Any CPU
	EndGlobalSection
	GlobalSection(SolutionProperties) = preSolution
		HideSolutionNode = FALSE
	EndGlobalSection
	GlobalSection(NestedProjects) = preSolution
		{B9329331-2C79-4064-9447-3CF684C3745D} = {F3BA74E8-154D-4AFF-B026-EC971AB1CB75}
		{4529231F-6C23-4F05-8B5E-69494D19746A} = {F3BA74E8-154D-4AFF-B026-EC971AB1CB75}
		{2169CD0D-6C1C-4425-BD5B-4CFD1AAE8440} = {F3BA74E8-154D-4AFF-B026-EC971AB1CB75}
		{9AE4C5BE-B1FC-4E05-AC14-800B9BD552C0} = {F3BA74E8-154D-4AFF-B026-EC971AB1CB75}
		{46FA53FC-3D89-4FAC-93EC-ACECD911B0BF} = {F3BA74E8-154D-4AFF-B026-EC971AB1CB75}
		{689D2257-9632-4003-ADB1-5CA045F77D12} = {F3BA74E8-154D-4AFF-B026-EC971AB1CB75}
		{0E6F67DC-C5FF-4A41-986D-0B7C053AA492} = {4529231F-6C23-4F05-8B5E-69494D19746A}
		{00815565-9CEE-4D0D-AE20-D5DE00C0F5EB} = {2169CD0D-6C1C-4425-BD5B-4CFD1AAE8440}
		{61CCA1E4-8E69-4E9A-967D-027CF21D0752} = {4529231F-6C23-4F05-8B5E-69494D19746A}
		{853F090F-55F7-4718-A27B-4A89B46D8AFE} = {61CCA1E4-8E69-4E9A-967D-027CF21D0752}
		{9844448C-FD19-410E-A311-0487F0637DCD} = {4529231F-6C23-4F05-8B5E-69494D19746A}
		{39705663-C91C-47BE-9FBE-4F20278AAD8C} = {4529231F-6C23-4F05-8B5E-69494D19746A}
		{478AD3AE-5FCF-4E3E-A2E0-58AAD3026452} = {70C80EAE-B1E1-438C-AE57-AD54016D9868}
		{740CA4A8-2B46-41E6-947D-D1E03FBBB93B} = {689D2257-9632-4003-ADB1-5CA045F77D12}
	EndGlobalSection
	GlobalSection(ExtensibilityGlobals) = postSolution
		SolutionGuid = {D5350313-9236-4753-9383-8651D8D4F520}
	EndGlobalSection
EndGlobal
